
Microsoft Visual Studio Solution File, Format Version 12.00
# Visual Studio Version 16
VisualStudioVersion = 16.0.810.16
MinimumVisualStudioVersion = 10.0.40219.1
Project("{FAE04EC0-301F-11D3-BF4B-00C04F79EFBC}") = "ConvertNumberIntoWords", "ConvertNumberIntoWords\ConvertNumberIntoWords.csproj", "{C1A3C80D-23D2-4390-8743-FCC642FFF929}"
EndProject
Global
	GlobalSection(SolutionConfigurationPlatforms) = preSolution
		Debug|anycpu = Debug|anycpu
		Release|anycpu = Release|anycpu
	EndGlobalSection
	GlobalSection(ProjectConfigurationPlatforms) = postSolution
		{C1A3C80D-23D2-4390-8743-FCC642FFF929}.Debug|anycpu.ActiveCfg = Debug|anycpu
		{C1A3C80D-23D2-4390-8743-FCC642FFF929}.Debug|anycpu.Build.0 = Debug|anycpu
		{C1A3C80D-23D2-4390-8743-FCC642FFF929}.Release|anycpu.ActiveCfg = Release|anycpu
		{C1A3C80D-23D2-4390-8743-FCC642FFF929}.Release|anycpu.Build.0 = Release|anycpu
	EndGlobalSection
	GlobalSection(SolutionProperties) = preSolution
		HideSolutionNode = FALSE
	EndGlobalSection
	GlobalSection(ExtensibilityGlobals) = postSolution
		SolutionGuid = {195659DE-9304-4404-A0B7-9B9D5267E39B}
	EndGlobalSection
EndGlobal
