
Microsoft Visual Studio Solution File, Format Version 12.00
# Visual Studio Version 17
VisualStudioVersion = 17.0.32014.148
MinimumVisualStudioVersion = 10.0.40219.1
Project("{FAE04EC0-301F-11D3-BF4B-00C04F79EFBC}") = "ServicioNumerosPolacoWCF", "ServicioNumerosPolacoWCF\ServicioNumerosPolacoWCF.csproj", "{A757F680-CF34-40F2-B0F5-2D99FFFA9BFB}"
EndProject
Project("{E24C65DC-7377-472B-9ABA-BC803B73C61A}") = "ConversorNumerosPolaco(1)", "ConversorNumerosPolaco\", "{1F83916F-2FDE-42B1-9310-2CACD4CFC0B0}"
	ProjectSection(WebsiteProperties) = preProject
		TargetFrameworkMoniker = ".NETFramework,Version%3Dv4.7.2"
		Debug.AspNetCompiler.VirtualPath = "/localhost_56862"
		Debug.AspNetCompiler.PhysicalPath = "ConversorNumerosPolaco\"
		Debug.AspNetCompiler.TargetPath = "PrecompiledWeb\localhost_56862\"
		Debug.AspNetCompiler.Updateable = "true"
		Debug.AspNetCompiler.ForceOverwrite = "true"
		Debug.AspNetCompiler.FixedNames = "false"
		Debug.AspNetCompiler.Debug = "True"
		Release.AspNetCompiler.VirtualPath = "/localhost_56862"
		Release.AspNetCompiler.PhysicalPath = "ConversorNumerosPolaco\"
		Release.AspNetCompiler.TargetPath = "PrecompiledWeb\localhost_56862\"
		Release.AspNetCompiler.Updateable = "true"
		Release.AspNetCompiler.ForceOverwrite = "true"
		Release.AspNetCompiler.FixedNames = "false"
		Release.AspNetCompiler.Debug = "False"
		VWDPort = "56862"
		SlnRelativePath = "ConversorNumerosPolaco\"
		DefaultWebSiteLanguage = "Visual C#"
	EndProjectSection
	ProjectSection(ProjectDependencies) = postProject
		{A757F680-CF34-40F2-B0F5-2D99FFFA9BFB} = {A757F680-CF34-40F2-B0F5-2D99FFFA9BFB}
	EndProjectSection
EndProject
Global
	GlobalSection(SolutionConfigurationPlatforms) = preSolution
		Debug|Any CPU = Debug|Any CPU
		Release|Any CPU = Release|Any CPU
	EndGlobalSection
	GlobalSection(ProjectConfigurationPlatforms) = postSolution
		{A757F680-CF34-40F2-B0F5-2D99FFFA9BFB}.Debug|Any CPU.ActiveCfg = Debug|Any CPU
		{A757F680-CF34-40F2-B0F5-2D99FFFA9BFB}.Debug|Any CPU.Build.0 = Debug|Any CPU
		{A757F680-CF34-40F2-B0F5-2D99FFFA9BFB}.Release|Any CPU.ActiveCfg = Release|Any CPU
		{A757F680-CF34-40F2-B0F5-2D99FFFA9BFB}.Release|Any CPU.Build.0 = Release|Any CPU
		{1F83916F-2FDE-42B1-9310-2CACD4CFC0B0}.Debug|Any CPU.ActiveCfg = Debug|Any CPU
		{1F83916F-2FDE-42B1-9310-2CACD4CFC0B0}.Debug|Any CPU.Build.0 = Debug|Any CPU
		{1F83916F-2FDE-42B1-9310-2CACD4CFC0B0}.Release|Any CPU.ActiveCfg = Debug|Any CPU
		{1F83916F-2FDE-42B1-9310-2CACD4CFC0B0}.Release|Any CPU.Build.0 = Debug|Any CPU
	EndGlobalSection
	GlobalSection(SolutionProperties) = preSolution
		HideSolutionNode = FALSE
	EndGlobalSection
	GlobalSection(ExtensibilityGlobals) = postSolution
		SolutionGuid = {3A6DFA41-A488-45C4-B878-6953DABD300D}
	EndGlobalSection
EndGlobal
